
Microsoft Visual Studio Solution File, Format Version 12.00
# Visual Studio Version 17
VisualStudioVersion = 17.3.32929.385
MinimumVisualStudioVersion = 10.0.40219.1
Project("{9A19103F-16F7-4668-BE54-9A1E7A4F7556}") = "NestedConditionalStatements", "NestedConditionalStatements\NestedConditionalStatements.csproj", "{A96E1DB5-DBCF-4E87-ADD7-A189941D554A}"
EndProject
Project("{9A19103F-16F7-4668-BE54-9A1E7A4F7556}") = "2ndExercise", "2ndExercise\2ndExercise.csproj", "{E7791559-890A-4176-97FE-D7FAB8204DF8}"
EndProject
Project("{9A19103F-16F7-4668-BE54-9A1E7A4F7556}") = "3rdExercise", "3rdExercise\3rdExercise.csproj", "{5FDA7BF1-8F0B-4883-ADD8-C1C623ED77A7}"
EndProject
Project("{9A19103F-16F7-4668-BE54-9A1E7A4F7556}") = "4thExercise", "4thExercise\4thExercise.csproj", "{316B0C2E-F2C9-47E4-9431-B110608C8F10}"
EndProject
Project("{FAE04EC0-301F-11D3-BF4B-00C04F79EFBC}") = "5thExercise", "5thExercise\5thExercise.csproj", "{BD96B7F5-7708-4934-BAE6-DA4B7D608B82}"
EndProject
Global
	GlobalSection(SolutionConfigurationPlatforms) = preSolution
		Debug|Any CPU = Debug|Any CPU
		Release|Any CPU = Release|Any CPU
	EndGlobalSection
	GlobalSection(ProjectConfigurationPlatforms) = postSolution
		{A96E1DB5-DBCF-4E87-ADD7-A189941D554A}.Debug|Any CPU.ActiveCfg = Debug|Any CPU
		{A96E1DB5-DBCF-4E87-ADD7-A189941D554A}.Debug|Any CPU.Build.0 = Debug|Any CPU
		{A96E1DB5-DBCF-4E87-ADD7-A189941D554A}.Release|Any CPU.ActiveCfg = Release|Any CPU
		{A96E1DB5-DBCF-4E87-ADD7-A189941D554A}.Release|Any CPU.Build.0 = Release|Any CPU
		{E7791559-890A-4176-97FE-D7FAB8204DF8}.Debug|Any CPU.ActiveCfg = Debug|Any CPU
		{E7791559-890A-4176-97FE-D7FAB8204DF8}.Debug|Any CPU.Build.0 = Debug|Any CPU
		{E7791559-890A-4176-97FE-D7FAB8204DF8}.Release|Any CPU.ActiveCfg = Release|Any CPU
		{E7791559-890A-4176-97FE-D7FAB8204DF8}.Release|Any CPU.Build.0 = Release|Any CPU
		{5FDA7BF1-8F0B-4883-ADD8-C1C623ED77A7}.Debug|Any CPU.ActiveCfg = Debug|Any CPU
		{5FDA7BF1-8F0B-4883-ADD8-C1C623ED77A7}.Debug|Any CPU.Build.0 = Debug|Any CPU
		{5FDA7BF1-8F0B-4883-ADD8-C1C623ED77A7}.Release|Any CPU.ActiveCfg = Release|Any CPU
		{5FDA7BF1-8F0B-4883-ADD8-C1C623ED77A7}.Release|Any CPU.Build.0 = Release|Any CPU
		{316B0C2E-F2C9-47E4-9431-B110608C8F10}.Debug|Any CPU.ActiveCfg = Debug|Any CPU
		{316B0C2E-F2C9-47E4-9431-B110608C8F10}.Debug|Any CPU.Build.0 = Debug|Any CPU
		{316B0C2E-F2C9-47E4-9431-B110608C8F10}.Release|Any CPU.ActiveCfg = Release|Any CPU
		{316B0C2E-F2C9-47E4-9431-B110608C8F10}.Release|Any CPU.Build.0 = Release|Any CPU
		{BD96B7F5-7708-4934-BAE6-DA4B7D608B82}.Debug|Any CPU.ActiveCfg = Debug|Any CPU
		{BD96B7F5-7708-4934-BAE6-DA4B7D608B82}.Debug|Any CPU.Build.0 = Debug|Any CPU
		{BD96B7F5-7708-4934-BAE6-DA4B7D608B82}.Release|Any CPU.ActiveCfg = Release|Any CPU
		{BD96B7F5-7708-4934-BAE6-DA4B7D608B82}.Release|Any CPU.Build.0 = Release|Any CPU
	EndGlobalSection
	GlobalSection(SolutionProperties) = preSolution
		HideSolutionNode = FALSE
	EndGlobalSection
	GlobalSection(ExtensibilityGlobals) = postSolution
		SolutionGuid = {BCD27186-8316-4283-90C3-AB0BE369077C}
	EndGlobalSection
EndGlobal
