
Microsoft Visual Studio Solution File, Format Version 12.00
# Visual Studio Version 17
VisualStudioVersion = 17.8.34309.116
MinimumVisualStudioVersion = 10.0.40219.1
Project("{FAE04EC0-301F-11D3-BF4B-00C04F79EFBC}") = "HomeWorkArea", "HomeWorkArea\HomeWorkArea.csproj", "{73C11BE6-B4FB-41E7-A2F1-EEF361A4B957}"
EndProject
Global
	GlobalSection(SolutionConfigurationPlatforms) = preSolution
		Debug|Any CPU = Debug|Any CPU
		Release|Any CPU = Release|Any CPU
	EndGlobalSection
	GlobalSection(ProjectConfigurationPlatforms) = postSolution
		{73C11BE6-B4FB-41E7-A2F1-EEF361A4B957}.Debug|Any CPU.ActiveCfg = Debug|Any CPU
		{73C11BE6-B4FB-41E7-A2F1-EEF361A4B957}.Debug|Any CPU.Build.0 = Debug|Any CPU
		{73C11BE6-B4FB-41E7-A2F1-EEF361A4B957}.Release|Any CPU.ActiveCfg = Release|Any CPU
		{73C11BE6-B4FB-41E7-A2F1-EEF361A4B957}.Release|Any CPU.Build.0 = Release|Any CPU
	EndGlobalSection
	GlobalSection(SolutionProperties) = preSolution
		HideSolutionNode = FALSE
	EndGlobalSection
	GlobalSection(ExtensibilityGlobals) = postSolution
		SolutionGuid = {FC04247C-8110-44BC-BCBB-43E88E7E25F9}
	EndGlobalSection
EndGlobal
