
Microsoft Visual Studio Solution File, Format Version 12.00
# Visual Studio Version 17
VisualStudioVersion = 17.3.32929.385
MinimumVisualStudioVersion = 10.0.40219.1
Project("{9A19103F-16F7-4668-BE54-9A1E7A4F7556}") = "Arrays", "Arrays\Arrays.csproj", "{C41DA463-0089-4BC7-80F6-C711A78511A6}"
EndProject
Project("{9A19103F-16F7-4668-BE54-9A1E7A4F7556}") = "2nd", "2nd\2nd.csproj", "{E2E3E3BB-97A7-48E7-8EC7-15FE6CD1CC8C}"
EndProject
Project("{9A19103F-16F7-4668-BE54-9A1E7A4F7556}") = "3rd", "3rd\3rd.csproj", "{4212AA25-CBED-46DD-AACD-4BD0F30A0923}"
EndProject
Project("{9A19103F-16F7-4668-BE54-9A1E7A4F7556}") = "4th", "4th\4th.csproj", "{8C7FB49B-E061-4E54-B020-76BC80E221EF}"
EndProject
Project("{9A19103F-16F7-4668-BE54-9A1E7A4F7556}") = "5th", "5th\5th.csproj", "{563A88B6-0BDD-47A9-9280-DA2A900DF2DE}"
EndProject
Project("{9A19103F-16F7-4668-BE54-9A1E7A4F7556}") = "6th", "6th\6th.csproj", "{5629079B-34FA-4382-B0B6-FCF87DBF6791}"
EndProject
Project("{9A19103F-16F7-4668-BE54-9A1E7A4F7556}") = "7th", "7th\7th.csproj", "{0153C13D-7489-496C-90B1-DCABEC6E0771}"
EndProject
Project("{9A19103F-16F7-4668-BE54-9A1E7A4F7556}") = "8th", "8th\8th.csproj", "{6063F2AB-F929-4403-905F-558A63F1402F}"
EndProject
Project("{9A19103F-16F7-4668-BE54-9A1E7A4F7556}") = "9th", "9th\9th.csproj", "{201B24F7-AE27-4788-BFD6-01FF9BB64B0B}"
EndProject
Project("{9A19103F-16F7-4668-BE54-9A1E7A4F7556}") = "10th", "10th\10th.csproj", "{6CFEE8F4-6DDE-4AE9-B94B-A1828DE66FE1}"
EndProject
Project("{9A19103F-16F7-4668-BE54-9A1E7A4F7556}") = "11th", "11th\11th.csproj", "{A04DF28E-1605-42FF-A03B-1E5E1D7831BC}"
EndProject
Project("{9A19103F-16F7-4668-BE54-9A1E7A4F7556}") = "12th", "12th\12th.csproj", "{4B321F7E-125B-43A6-8EC6-9916A11507C6}"
EndProject
Project("{FAE04EC0-301F-11D3-BF4B-00C04F79EFBC}") = "13th", "13th\13th.csproj", "{C4C57CFA-5E69-45EE-AACB-5A3FFC9573DB}"
EndProject
Project("{FAE04EC0-301F-11D3-BF4B-00C04F79EFBC}") = "13thb", "13thb\13thb.csproj", "{FD5EDFC9-6757-46AD-94A4-9AA273053D52}"
EndProject
Global
	GlobalSection(SolutionConfigurationPlatforms) = preSolution
		Debug|Any CPU = Debug|Any CPU
		Release|Any CPU = Release|Any CPU
	EndGlobalSection
	GlobalSection(ProjectConfigurationPlatforms) = postSolution
		{C41DA463-0089-4BC7-80F6-C711A78511A6}.Debug|Any CPU.ActiveCfg = Debug|Any CPU
		{C41DA463-0089-4BC7-80F6-C711A78511A6}.Debug|Any CPU.Build.0 = Debug|Any CPU
		{C41DA463-0089-4BC7-80F6-C711A78511A6}.Release|Any CPU.ActiveCfg = Release|Any CPU
		{C41DA463-0089-4BC7-80F6-C711A78511A6}.Release|Any CPU.Build.0 = Release|Any CPU
		{E2E3E3BB-97A7-48E7-8EC7-15FE6CD1CC8C}.Debug|Any CPU.ActiveCfg = Debug|Any CPU
		{E2E3E3BB-97A7-48E7-8EC7-15FE6CD1CC8C}.Debug|Any CPU.Build.0 = Debug|Any CPU
		{E2E3E3BB-97A7-48E7-8EC7-15FE6CD1CC8C}.Release|Any CPU.ActiveCfg = Release|Any CPU
		{E2E3E3BB-97A7-48E7-8EC7-15FE6CD1CC8C}.Release|Any CPU.Build.0 = Release|Any CPU
		{4212AA25-CBED-46DD-AACD-4BD0F30A0923}.Debug|Any CPU.ActiveCfg = Debug|Any CPU
		{4212AA25-CBED-46DD-AACD-4BD0F30A0923}.Debug|Any CPU.Build.0 = Debug|Any CPU
		{4212AA25-CBED-46DD-AACD-4BD0F30A0923}.Release|Any CPU.ActiveCfg = Release|Any CPU
		{4212AA25-CBED-46DD-AACD-4BD0F30A0923}.Release|Any CPU.Build.0 = Release|Any CPU
		{8C7FB49B-E061-4E54-B020-76BC80E221EF}.Debug|Any CPU.ActiveCfg = Debug|Any CPU
		{8C7FB49B-E061-4E54-B020-76BC80E221EF}.Debug|Any CPU.Build.0 = Debug|Any CPU
		{8C7FB49B-E061-4E54-B020-76BC80E221EF}.Release|Any CPU.ActiveCfg = Release|Any CPU
		{8C7FB49B-E061-4E54-B020-76BC80E221EF}.Release|Any CPU.Build.0 = Release|Any CPU
		{563A88B6-0BDD-47A9-9280-DA2A900DF2DE}.Debug|Any CPU.ActiveCfg = Debug|Any CPU
		{563A88B6-0BDD-47A9-9280-DA2A900DF2DE}.Debug|Any CPU.Build.0 = Debug|Any CPU
		{563A88B6-0BDD-47A9-9280-DA2A900DF2DE}.Release|Any CPU.ActiveCfg = Release|Any CPU
		{563A88B6-0BDD-47A9-9280-DA2A900DF2DE}.Release|Any CPU.Build.0 = Release|Any CPU
		{5629079B-34FA-4382-B0B6-FCF87DBF6791}.Debug|Any CPU.ActiveCfg = Debug|Any CPU
		{5629079B-34FA-4382-B0B6-FCF87DBF6791}.Debug|Any CPU.Build.0 = Debug|Any CPU
		{5629079B-34FA-4382-B0B6-FCF87DBF6791}.Release|Any CPU.ActiveCfg = Release|Any CPU
		{5629079B-34FA-4382-B0B6-FCF87DBF6791}.Release|Any CPU.Build.0 = Release|Any CPU
		{0153C13D-7489-496C-90B1-DCABEC6E0771}.Debug|Any CPU.ActiveCfg = Debug|Any CPU
		{0153C13D-7489-496C-90B1-DCABEC6E0771}.Debug|Any CPU.Build.0 = Debug|Any CPU
		{0153C13D-7489-496C-90B1-DCABEC6E0771}.Release|Any CPU.ActiveCfg = Release|Any CPU
		{0153C13D-7489-496C-90B1-DCABEC6E0771}.Release|Any CPU.Build.0 = Release|Any CPU
		{6063F2AB-F929-4403-905F-558A63F1402F}.Debug|Any CPU.ActiveCfg = Debug|Any CPU
		{6063F2AB-F929-4403-905F-558A63F1402F}.Debug|Any CPU.Build.0 = Debug|Any CPU
		{6063F2AB-F929-4403-905F-558A63F1402F}.Release|Any CPU.ActiveCfg = Release|Any CPU
		{6063F2AB-F929-4403-905F-558A63F1402F}.Release|Any CPU.Build.0 = Release|Any CPU
		{201B24F7-AE27-4788-BFD6-01FF9BB64B0B}.Debug|Any CPU.ActiveCfg = Debug|Any CPU
		{201B24F7-AE27-4788-BFD6-01FF9BB64B0B}.Debug|Any CPU.Build.0 = Debug|Any CPU
		{201B24F7-AE27-4788-BFD6-01FF9BB64B0B}.Release|Any CPU.ActiveCfg = Release|Any CPU
		{201B24F7-AE27-4788-BFD6-01FF9BB64B0B}.Release|Any CPU.Build.0 = Release|Any CPU
		{6CFEE8F4-6DDE-4AE9-B94B-A1828DE66FE1}.Debug|Any CPU.ActiveCfg = Debug|Any CPU
		{6CFEE8F4-6DDE-4AE9-B94B-A1828DE66FE1}.Debug|Any CPU.Build.0 = Debug|Any CPU
		{6CFEE8F4-6DDE-4AE9-B94B-A1828DE66FE1}.Release|Any CPU.ActiveCfg = Release|Any CPU
		{6CFEE8F4-6DDE-4AE9-B94B-A1828DE66FE1}.Release|Any CPU.Build.0 = Release|Any CPU
		{A04DF28E-1605-42FF-A03B-1E5E1D7831BC}.Debug|Any CPU.ActiveCfg = Debug|Any CPU
		{A04DF28E-1605-42FF-A03B-1E5E1D7831BC}.Debug|Any CPU.Build.0 = Debug|Any CPU
		{A04DF28E-1605-42FF-A03B-1E5E1D7831BC}.Release|Any CPU.ActiveCfg = Release|Any CPU
		{A04DF28E-1605-42FF-A03B-1E5E1D7831BC}.Release|Any CPU.Build.0 = Release|Any CPU
		{4B321F7E-125B-43A6-8EC6-9916A11507C6}.Debug|Any CPU.ActiveCfg = Debug|Any CPU
		{4B321F7E-125B-43A6-8EC6-9916A11507C6}.Debug|Any CPU.Build.0 = Debug|Any CPU
		{4B321F7E-125B-43A6-8EC6-9916A11507C6}.Release|Any CPU.ActiveCfg = Release|Any CPU
		{4B321F7E-125B-43A6-8EC6-9916A11507C6}.Release|Any CPU.Build.0 = Release|Any CPU
		{C4C57CFA-5E69-45EE-AACB-5A3FFC9573DB}.Debug|Any CPU.ActiveCfg = Debug|Any CPU
		{C4C57CFA-5E69-45EE-AACB-5A3FFC9573DB}.Debug|Any CPU.Build.0 = Debug|Any CPU
		{C4C57CFA-5E69-45EE-AACB-5A3FFC9573DB}.Release|Any CPU.ActiveCfg = Release|Any CPU
		{C4C57CFA-5E69-45EE-AACB-5A3FFC9573DB}.Release|Any CPU.Build.0 = Release|Any CPU
		{FD5EDFC9-6757-46AD-94A4-9AA273053D52}.Debug|Any CPU.ActiveCfg = Debug|Any CPU
		{FD5EDFC9-6757-46AD-94A4-9AA273053D52}.Debug|Any CPU.Build.0 = Debug|Any CPU
		{FD5EDFC9-6757-46AD-94A4-9AA273053D52}.Release|Any CPU.ActiveCfg = Release|Any CPU
		{FD5EDFC9-6757-46AD-94A4-9AA273053D52}.Release|Any CPU.Build.0 = Release|Any CPU
	EndGlobalSection
	GlobalSection(SolutionProperties) = preSolution
		HideSolutionNode = FALSE
	EndGlobalSection
	GlobalSection(ExtensibilityGlobals) = postSolution
		SolutionGuid = {D4641E8D-F74F-4F55-9CDF-875A0B9B5B29}
	EndGlobalSection
EndGlobal
