
Microsoft Visual Studio Solution File, Format Version 12.00
# Visual Studio Version 17
VisualStudioVersion = 17.3.32929.385
MinimumVisualStudioVersion = 10.0.40219.1
Project("{9A19103F-16F7-4668-BE54-9A1E7A4F7556}") = "While-Loop", "While-Loop\While-Loop.csproj", "{0A576CC9-2AC9-4C94-AC56-DF04F87E69B4}"
EndProject
Project("{9A19103F-16F7-4668-BE54-9A1E7A4F7556}") = "1stExercise", "1stExercise\1stExercise.csproj", "{362C9638-4A03-4D25-8EE0-14DD8DF0FC44}"
EndProject
Project("{FAE04EC0-301F-11D3-BF4B-00C04F79EFBC}") = "2ndExercise", "2ndExercise\2ndExercise.csproj", "{FAC073E2-F8B2-41B9-8BE3-51325024BEE7}"
EndProject
Project("{FAE04EC0-301F-11D3-BF4B-00C04F79EFBC}") = "3rdExercise", "3rdExercise\3rdExercise.csproj", "{3B3BFDF2-96B4-473C-ABA2-0D3A4581797E}"
EndProject
Project("{FAE04EC0-301F-11D3-BF4B-00C04F79EFBC}") = "4thExercis", "4thExercis\4thExercis.csproj", "{1783B149-04F3-4FCB-9E74-A0A3D2E5E5D0}"
EndProject
Project("{FAE04EC0-301F-11D3-BF4B-00C04F79EFBC}") = "5thExercise", "5thExercise\5thExercise.csproj", "{45A03213-C344-4593-8B5B-0B364505C51B}"
EndProject
Project("{FAE04EC0-301F-11D3-BF4B-00C04F79EFBC}") = "6thExercise", "6thExercise\6thExercise.csproj", "{3D6CF40B-9C10-4B97-9F53-2F8447C193D9}"
EndProject
Global
	GlobalSection(SolutionConfigurationPlatforms) = preSolution
		Debug|Any CPU = Debug|Any CPU
		Release|Any CPU = Release|Any CPU
	EndGlobalSection
	GlobalSection(ProjectConfigurationPlatforms) = postSolution
		{0A576CC9-2AC9-4C94-AC56-DF04F87E69B4}.Debug|Any CPU.ActiveCfg = Debug|Any CPU
		{0A576CC9-2AC9-4C94-AC56-DF04F87E69B4}.Debug|Any CPU.Build.0 = Debug|Any CPU
		{0A576CC9-2AC9-4C94-AC56-DF04F87E69B4}.Release|Any CPU.ActiveCfg = Release|Any CPU
		{0A576CC9-2AC9-4C94-AC56-DF04F87E69B4}.Release|Any CPU.Build.0 = Release|Any CPU
		{362C9638-4A03-4D25-8EE0-14DD8DF0FC44}.Debug|Any CPU.ActiveCfg = Debug|Any CPU
		{362C9638-4A03-4D25-8EE0-14DD8DF0FC44}.Debug|Any CPU.Build.0 = Debug|Any CPU
		{362C9638-4A03-4D25-8EE0-14DD8DF0FC44}.Release|Any CPU.ActiveCfg = Release|Any CPU
		{362C9638-4A03-4D25-8EE0-14DD8DF0FC44}.Release|Any CPU.Build.0 = Release|Any CPU
		{FAC073E2-F8B2-41B9-8BE3-51325024BEE7}.Debug|Any CPU.ActiveCfg = Debug|Any CPU
		{FAC073E2-F8B2-41B9-8BE3-51325024BEE7}.Debug|Any CPU.Build.0 = Debug|Any CPU
		{FAC073E2-F8B2-41B9-8BE3-51325024BEE7}.Release|Any CPU.ActiveCfg = Release|Any CPU
		{FAC073E2-F8B2-41B9-8BE3-51325024BEE7}.Release|Any CPU.Build.0 = Release|Any CPU
		{3B3BFDF2-96B4-473C-ABA2-0D3A4581797E}.Debug|Any CPU.ActiveCfg = Debug|Any CPU
		{3B3BFDF2-96B4-473C-ABA2-0D3A4581797E}.Debug|Any CPU.Build.0 = Debug|Any CPU
		{3B3BFDF2-96B4-473C-ABA2-0D3A4581797E}.Release|Any CPU.ActiveCfg = Release|Any CPU
		{3B3BFDF2-96B4-473C-ABA2-0D3A4581797E}.Release|Any CPU.Build.0 = Release|Any CPU
		{1783B149-04F3-4FCB-9E74-A0A3D2E5E5D0}.Debug|Any CPU.ActiveCfg = Debug|Any CPU
		{1783B149-04F3-4FCB-9E74-A0A3D2E5E5D0}.Debug|Any CPU.Build.0 = Debug|Any CPU
		{1783B149-04F3-4FCB-9E74-A0A3D2E5E5D0}.Release|Any CPU.ActiveCfg = Release|Any CPU
		{1783B149-04F3-4FCB-9E74-A0A3D2E5E5D0}.Release|Any CPU.Build.0 = Release|Any CPU
		{45A03213-C344-4593-8B5B-0B364505C51B}.Debug|Any CPU.ActiveCfg = Debug|Any CPU
		{45A03213-C344-4593-8B5B-0B364505C51B}.Debug|Any CPU.Build.0 = Debug|Any CPU
		{45A03213-C344-4593-8B5B-0B364505C51B}.Release|Any CPU.ActiveCfg = Release|Any CPU
		{45A03213-C344-4593-8B5B-0B364505C51B}.Release|Any CPU.Build.0 = Release|Any CPU
		{3D6CF40B-9C10-4B97-9F53-2F8447C193D9}.Debug|Any CPU.ActiveCfg = Debug|Any CPU
		{3D6CF40B-9C10-4B97-9F53-2F8447C193D9}.Debug|Any CPU.Build.0 = Debug|Any CPU
		{3D6CF40B-9C10-4B97-9F53-2F8447C193D9}.Release|Any CPU.ActiveCfg = Release|Any CPU
		{3D6CF40B-9C10-4B97-9F53-2F8447C193D9}.Release|Any CPU.Build.0 = Release|Any CPU
	EndGlobalSection
	GlobalSection(SolutionProperties) = preSolution
		HideSolutionNode = FALSE
	EndGlobalSection
	GlobalSection(ExtensibilityGlobals) = postSolution
		SolutionGuid = {B91A782F-53E3-4F80-819F-731D70CFC733}
	EndGlobalSection
EndGlobal
