
Microsoft Visual Studio Solution File, Format Version 12.00
# Visual Studio Version 17
VisualStudioVersion = 17.3.32929.385
MinimumVisualStudioVersion = 10.0.40219.1
Project("{FAE04EC0-301F-11D3-BF4B-00C04F79EFBC}") = "BinaryNumsNakov", "BinaryNumsNakov\BinaryNumsNakov.csproj", "{EB96C6A6-1E83-4DEA-9219-AAA26CA09162}"
EndProject
Project("{FAE04EC0-301F-11D3-BF4B-00C04F79EFBC}") = "2nd", "2nd\2nd.csproj", "{9BC6C63A-28E5-444C-A78D-70A8CCAF7E29}"
EndProject
Project("{FAE04EC0-301F-11D3-BF4B-00C04F79EFBC}") = "3rd", "3rd\3rd.csproj", "{E9CCCC29-3192-4179-84AF-2A5D1E154066}"
EndProject
Project("{FAE04EC0-301F-11D3-BF4B-00C04F79EFBC}") = "4th", "4th\4th.csproj", "{6F3063BA-0467-4CFE-8807-D326E3CB3C81}"
EndProject
Project("{FAE04EC0-301F-11D3-BF4B-00C04F79EFBC}") = "5th", "5th\5th.csproj", "{68D5B0CB-9406-4ADF-A9BB-EC3AD81CEB51}"
EndProject
Project("{FAE04EC0-301F-11D3-BF4B-00C04F79EFBC}") = "6th", "6th\6th.csproj", "{F5FDD73A-3485-49D7-B489-7656308665C1}"
EndProject
Project("{FAE04EC0-301F-11D3-BF4B-00C04F79EFBC}") = "7th", "7th\7th.csproj", "{2830E754-0BE5-4957-A6DB-3EF03520DDE1}"
EndProject
Project("{FAE04EC0-301F-11D3-BF4B-00C04F79EFBC}") = "8th", "8th\8th.csproj", "{124AE6D7-1687-44FE-852D-84B2ABF639B2}"
EndProject
Project("{FAE04EC0-301F-11D3-BF4B-00C04F79EFBC}") = "9th", "9th\9th.csproj", "{3A7FC300-B3E8-447A-8AE8-970DC5FB3FF9}"
EndProject
Project("{FAE04EC0-301F-11D3-BF4B-00C04F79EFBC}") = "10th", "10th\10th.csproj", "{0CF0FEF6-8560-42EF-BF11-5A34A5DF74A0}"
EndProject
Project("{FAE04EC0-301F-11D3-BF4B-00C04F79EFBC}") = "11th", "11th\11th.csproj", "{6440CDCF-025B-4563-876E-91553C79F1A5}"
EndProject
Project("{FAE04EC0-301F-11D3-BF4B-00C04F79EFBC}") = "12th", "12th\12th.csproj", "{865D1EAF-3AE3-41CE-AFB4-AB26647FCC70}"
EndProject
Project("{FAE04EC0-301F-11D3-BF4B-00C04F79EFBC}") = "13th", "13th\13th.csproj", "{4F61EA3D-C033-41F8-A34C-1AC53E4C9806}"
EndProject
Project("{FAE04EC0-301F-11D3-BF4B-00C04F79EFBC}") = "14th", "14th\14th.csproj", "{D4CAF75D-DAE1-4A8A-BCF3-E4A21232349E}"
EndProject
Global
	GlobalSection(SolutionConfigurationPlatforms) = preSolution
		Debug|Any CPU = Debug|Any CPU
		Release|Any CPU = Release|Any CPU
	EndGlobalSection
	GlobalSection(ProjectConfigurationPlatforms) = postSolution
		{EB96C6A6-1E83-4DEA-9219-AAA26CA09162}.Debug|Any CPU.ActiveCfg = Debug|Any CPU
		{EB96C6A6-1E83-4DEA-9219-AAA26CA09162}.Debug|Any CPU.Build.0 = Debug|Any CPU
		{EB96C6A6-1E83-4DEA-9219-AAA26CA09162}.Release|Any CPU.ActiveCfg = Release|Any CPU
		{EB96C6A6-1E83-4DEA-9219-AAA26CA09162}.Release|Any CPU.Build.0 = Release|Any CPU
		{9BC6C63A-28E5-444C-A78D-70A8CCAF7E29}.Debug|Any CPU.ActiveCfg = Debug|Any CPU
		{9BC6C63A-28E5-444C-A78D-70A8CCAF7E29}.Debug|Any CPU.Build.0 = Debug|Any CPU
		{9BC6C63A-28E5-444C-A78D-70A8CCAF7E29}.Release|Any CPU.ActiveCfg = Release|Any CPU
		{9BC6C63A-28E5-444C-A78D-70A8CCAF7E29}.Release|Any CPU.Build.0 = Release|Any CPU
		{E9CCCC29-3192-4179-84AF-2A5D1E154066}.Debug|Any CPU.ActiveCfg = Debug|Any CPU
		{E9CCCC29-3192-4179-84AF-2A5D1E154066}.Debug|Any CPU.Build.0 = Debug|Any CPU
		{E9CCCC29-3192-4179-84AF-2A5D1E154066}.Release|Any CPU.ActiveCfg = Release|Any CPU
		{E9CCCC29-3192-4179-84AF-2A5D1E154066}.Release|Any CPU.Build.0 = Release|Any CPU
		{6F3063BA-0467-4CFE-8807-D326E3CB3C81}.Debug|Any CPU.ActiveCfg = Debug|Any CPU
		{6F3063BA-0467-4CFE-8807-D326E3CB3C81}.Debug|Any CPU.Build.0 = Debug|Any CPU
		{6F3063BA-0467-4CFE-8807-D326E3CB3C81}.Release|Any CPU.ActiveCfg = Release|Any CPU
		{6F3063BA-0467-4CFE-8807-D326E3CB3C81}.Release|Any CPU.Build.0 = Release|Any CPU
		{68D5B0CB-9406-4ADF-A9BB-EC3AD81CEB51}.Debug|Any CPU.ActiveCfg = Debug|Any CPU
		{68D5B0CB-9406-4ADF-A9BB-EC3AD81CEB51}.Debug|Any CPU.Build.0 = Debug|Any CPU
		{68D5B0CB-9406-4ADF-A9BB-EC3AD81CEB51}.Release|Any CPU.ActiveCfg = Release|Any CPU
		{68D5B0CB-9406-4ADF-A9BB-EC3AD81CEB51}.Release|Any CPU.Build.0 = Release|Any CPU
		{F5FDD73A-3485-49D7-B489-7656308665C1}.Debug|Any CPU.ActiveCfg = Debug|Any CPU
		{F5FDD73A-3485-49D7-B489-7656308665C1}.Debug|Any CPU.Build.0 = Debug|Any CPU
		{F5FDD73A-3485-49D7-B489-7656308665C1}.Release|Any CPU.ActiveCfg = Release|Any CPU
		{F5FDD73A-3485-49D7-B489-7656308665C1}.Release|Any CPU.Build.0 = Release|Any CPU
		{2830E754-0BE5-4957-A6DB-3EF03520DDE1}.Debug|Any CPU.ActiveCfg = Debug|Any CPU
		{2830E754-0BE5-4957-A6DB-3EF03520DDE1}.Debug|Any CPU.Build.0 = Debug|Any CPU
		{2830E754-0BE5-4957-A6DB-3EF03520DDE1}.Release|Any CPU.ActiveCfg = Release|Any CPU
		{2830E754-0BE5-4957-A6DB-3EF03520DDE1}.Release|Any CPU.Build.0 = Release|Any CPU
		{124AE6D7-1687-44FE-852D-84B2ABF639B2}.Debug|Any CPU.ActiveCfg = Debug|Any CPU
		{124AE6D7-1687-44FE-852D-84B2ABF639B2}.Debug|Any CPU.Build.0 = Debug|Any CPU
		{124AE6D7-1687-44FE-852D-84B2ABF639B2}.Release|Any CPU.ActiveCfg = Release|Any CPU
		{124AE6D7-1687-44FE-852D-84B2ABF639B2}.Release|Any CPU.Build.0 = Release|Any CPU
		{3A7FC300-B3E8-447A-8AE8-970DC5FB3FF9}.Debug|Any CPU.ActiveCfg = Debug|Any CPU
		{3A7FC300-B3E8-447A-8AE8-970DC5FB3FF9}.Debug|Any CPU.Build.0 = Debug|Any CPU
		{3A7FC300-B3E8-447A-8AE8-970DC5FB3FF9}.Release|Any CPU.ActiveCfg = Release|Any CPU
		{3A7FC300-B3E8-447A-8AE8-970DC5FB3FF9}.Release|Any CPU.Build.0 = Release|Any CPU
		{0CF0FEF6-8560-42EF-BF11-5A34A5DF74A0}.Debug|Any CPU.ActiveCfg = Debug|Any CPU
		{0CF0FEF6-8560-42EF-BF11-5A34A5DF74A0}.Debug|Any CPU.Build.0 = Debug|Any CPU
		{0CF0FEF6-8560-42EF-BF11-5A34A5DF74A0}.Release|Any CPU.ActiveCfg = Release|Any CPU
		{0CF0FEF6-8560-42EF-BF11-5A34A5DF74A0}.Release|Any CPU.Build.0 = Release|Any CPU
		{6440CDCF-025B-4563-876E-91553C79F1A5}.Debug|Any CPU.ActiveCfg = Debug|Any CPU
		{6440CDCF-025B-4563-876E-91553C79F1A5}.Debug|Any CPU.Build.0 = Debug|Any CPU
		{6440CDCF-025B-4563-876E-91553C79F1A5}.Release|Any CPU.ActiveCfg = Release|Any CPU
		{6440CDCF-025B-4563-876E-91553C79F1A5}.Release|Any CPU.Build.0 = Release|Any CPU
		{865D1EAF-3AE3-41CE-AFB4-AB26647FCC70}.Debug|Any CPU.ActiveCfg = Debug|Any CPU
		{865D1EAF-3AE3-41CE-AFB4-AB26647FCC70}.Debug|Any CPU.Build.0 = Debug|Any CPU
		{865D1EAF-3AE3-41CE-AFB4-AB26647FCC70}.Release|Any CPU.ActiveCfg = Release|Any CPU
		{865D1EAF-3AE3-41CE-AFB4-AB26647FCC70}.Release|Any CPU.Build.0 = Release|Any CPU
		{4F61EA3D-C033-41F8-A34C-1AC53E4C9806}.Debug|Any CPU.ActiveCfg = Debug|Any CPU
		{4F61EA3D-C033-41F8-A34C-1AC53E4C9806}.Debug|Any CPU.Build.0 = Debug|Any CPU
		{4F61EA3D-C033-41F8-A34C-1AC53E4C9806}.Release|Any CPU.ActiveCfg = Release|Any CPU
		{4F61EA3D-C033-41F8-A34C-1AC53E4C9806}.Release|Any CPU.Build.0 = Release|Any CPU
		{D4CAF75D-DAE1-4A8A-BCF3-E4A21232349E}.Debug|Any CPU.ActiveCfg = Debug|Any CPU
		{D4CAF75D-DAE1-4A8A-BCF3-E4A21232349E}.Debug|Any CPU.Build.0 = Debug|Any CPU
		{D4CAF75D-DAE1-4A8A-BCF3-E4A21232349E}.Release|Any CPU.ActiveCfg = Release|Any CPU
		{D4CAF75D-DAE1-4A8A-BCF3-E4A21232349E}.Release|Any CPU.Build.0 = Release|Any CPU
	EndGlobalSection
	GlobalSection(SolutionProperties) = preSolution
		HideSolutionNode = FALSE
	EndGlobalSection
	GlobalSection(ExtensibilityGlobals) = postSolution
		SolutionGuid = {5F29B052-30BF-4A41-B270-AE710927FA1B}
	EndGlobalSection
EndGlobal
